// !$*UTF8*$!
{
	archiveVersion = 1;
	classes = {
	};
	objectVersion = 51;
	objects = {

/* Begin PBXBuildFile section */
		6B0E3F2E1EE4EE08001053BF /* AppDelegate.swift in Sources */ = {isa = PBXBuildFile; fileRef = 6B0E3F281EE4EE08001053BF /* AppDelegate.swift */; };
		6B0E3F2F1EE4EE08001053BF /* Main.storyboard in Resources */ = {isa = PBXBuildFile; fileRef = 6B0E3F291EE4EE08001053BF /* Main.storyboard */; };
		6B0E3F311EE4EE08001053BF /* LaunchScreen.storyboard in Resources */ = {isa = PBXBuildFile; fileRef = 6B0E3F2C1EE4EE08001053BF /* LaunchScreen.storyboard */; };
		6B0E3F321EE4EE08001053BF /* TableViewSampleVC.swift in Sources */ = {isa = PBXBuildFile; fileRef = 6B0E3F2D1EE4EE08001053BF /* TableViewSampleVC.swift */; };
		6B803B471EE95A5A00E0A784 /* HorizontalPullLoadView.swift in Sources */ = {isa = PBXBuildFile; fileRef = 6B803B461EE95A5A00E0A784 /* HorizontalPullLoadView.swift */; };
		6B803B491EEA32E600E0A784 /* CollectionViewSampleVC.swift in Sources */ = {isa = PBXBuildFile; fileRef = 6B803B481EEA32E600E0A784 /* CollectionViewSampleVC.swift */; };
		6B803B4C1EEA40C100E0A784 /* HorizontalCollectionViewSampleVC.swift in Sources */ = {isa = PBXBuildFile; fileRef = 6B803B4B1EEA40C100E0A784 /* HorizontalCollectionViewSampleVC.swift */; };
		6B803B521EEA451900E0A784 /* UIColorExtension.swift in Sources */ = {isa = PBXBuildFile; fileRef = 6B803B511EEA451900E0A784 /* UIColorExtension.swift */; };
		A0D3AAA248C2969B8987D4F7 /* Pods_KRPullLoaderDemo.framework in Frameworks */ = {isa = PBXBuildFile; fileRef = A0A26CCCA68595BDDA031797 /* Pods_KRPullLoaderDemo.framework */; };
/* End PBXBuildFile section */

/* Begin PBXFileReference section */
		3A91C976D96A88AEDC538D0E /* Pods-KRPullLoaderDemo.debug.xcconfig */ = {isa = PBXFileReference; includeInIndex = 1; lastKnownFileType = text.xcconfig; name = "Pods-KRPullLoaderDemo.debug.xcconfig"; path = "Target Support Files/Pods-KRPullLoaderDemo/Pods-KRPullLoaderDemo.debug.xcconfig"; sourceTree = "<group>"; };
		6B0587FC1EE0FA38004763D4 /* KRPullLoaderDemo.app */ = {isa = PBXFileReference; explicitFileType = wrapper.application; includeInIndex = 0; path = KRPullLoaderDemo.app; sourceTree = BUILT_PRODUCTS_DIR; };
		6B0E3F281EE4EE08001053BF /* AppDelegate.swift */ = {isa = PBXFileReference; fileEncoding = 4; lastKnownFileType = sourcecode.swift; path = AppDelegate.swift; sourceTree = "<group>"; };
		6B0E3F2A1EE4EE08001053BF /* Base */ = {isa = PBXFileReference; lastKnownFileType = file.storyboard; name = Base; path = Base.lproj/Main.storyboard; sourceTree = "<group>"; };
		6B0E3F2B1EE4EE08001053BF /* Info.plist */ = {isa = PBXFileReference; fileEncoding = 4; lastKnownFileType = text.plist.xml; path = Info.plist; sourceTree = "<group>"; };
		6B0E3F2C1EE4EE08001053BF /* LaunchScreen.storyboard */ = {isa = PBXFileReference; fileEncoding = 4; lastKnownFileType = file.storyboard; path = LaunchScreen.storyboard; sourceTree = "<group>"; };
		6B0E3F2D1EE4EE08001053BF /* TableViewSampleVC.swift */ = {isa = PBXFileReference; fileEncoding = 4; lastKnownFileType = sourcecode.swift; path = TableViewSampleVC.swift; sourceTree = "<group>"; };
		6B803B461EE95A5A00E0A784 /* HorizontalPullLoadView.swift */ = {isa = PBXFileReference; fileEncoding = 4; lastKnownFileType = sourcecode.swift; path = HorizontalPullLoadView.swift; sourceTree = "<group>"; };
		6B803B481EEA32E600E0A784 /* CollectionViewSampleVC.swift */ = {isa = PBXFileReference; fileEncoding = 4; lastKnownFileType = sourcecode.swift; path = CollectionViewSampleVC.swift; sourceTree = "<group>"; };
		6B803B4B1EEA40C100E0A784 /* HorizontalCollectionViewSampleVC.swift */ = {isa = PBXFileReference; fileEncoding = 4; lastKnownFileType = sourcecode.swift; path = HorizontalCollectionViewSampleVC.swift; sourceTree = "<group>"; };
		6B803B511EEA451900E0A784 /* UIColorExtension.swift */ = {isa = PBXFileReference; fileEncoding = 4; lastKnownFileType = sourcecode.swift; path = UIColorExtension.swift; sourceTree = "<group>"; };
		A0A26CCCA68595BDDA031797 /* Pods_KRPullLoaderDemo.framework */ = {isa = PBXFileReference; explicitFileType = wrapper.framework; includeInIndex = 0; path = Pods_KRPullLoaderDemo.framework; sourceTree = BUILT_PRODUCTS_DIR; };
		E4FDBEE956B8CBB710ACD23F /* Pods-KRPullLoaderDemo.release.xcconfig */ = {isa = PBXFileReference; includeInIndex = 1; lastKnownFileType = text.xcconfig; name = "Pods-KRPullLoaderDemo.release.xcconfig"; path = "Target Support Files/Pods-KRPullLoaderDemo/Pods-KRPullLoaderDemo.release.xcconfig"; sourceTree = "<group>"; };
/* End PBXFileReference section */

/* Begin PBXFrameworksBuildPhase section */
		6B0587F91EE0FA38004763D4 /* Frameworks */ = {
			isa = PBXFrameworksBuildPhase;
			buildActionMask = 2147483647;
			files = (
				A0D3AAA248C2969B8987D4F7 /* Pods_KRPullLoaderDemo.framework in Frameworks */,
			);
			runOnlyForDeploymentPostprocessing = 0;
		};
/* End PBXFrameworksBuildPhase section */

/* Begin PBXGroup section */
		5D129E5C90FC4890C2431E2B /* Pods */ = {
			isa = PBXGroup;
			children = (
				3A91C976D96A88AEDC538D0E /* Pods-KRPullLoaderDemo.debug.xcconfig */,
				E4FDBEE956B8CBB710ACD23F /* Pods-KRPullLoaderDemo.release.xcconfig */,
			);
			path = Pods;
			sourceTree = "<group>";
		};
		6B0587F31EE0FA38004763D4 = {
			isa = PBXGroup;
			children = (
				6B0E3F271EE4EE08001053BF /* KRPullLoaderDemo */,
				6B0587FD1EE0FA38004763D4 /* Products */,
				5D129E5C90FC4890C2431E2B /* Pods */,
				F5EEA70B7302F4A6BCEAA155 /* Frameworks */,
			);
			sourceTree = "<group>";
		};
		6B0587FD1EE0FA38004763D4 /* Products */ = {
			isa = PBXGroup;
			children = (
				6B0587FC1EE0FA38004763D4 /* KRPullLoaderDemo.app */,
			);
			name = Products;
			sourceTree = "<group>";
		};
		6B0E3F271EE4EE08001053BF /* KRPullLoaderDemo */ = {
			isa = PBXGroup;
			children = (
				6B0E3F281EE4EE08001053BF /* AppDelegate.swift */,
				6B803B511EEA451900E0A784 /* UIColorExtension.swift */,
				6B0E3F2D1EE4EE08001053BF /* TableViewSampleVC.swift */,
				6B803B481EEA32E600E0A784 /* CollectionViewSampleVC.swift */,
				6B803B4B1EEA40C100E0A784 /* HorizontalCollectionViewSampleVC.swift */,
				6B803B4E1EEA40C800E0A784 /* CustomLoader */,
				6B0E3F291EE4EE08001053BF /* Main.storyboard */,
				6B0E3F2C1EE4EE08001053BF /* LaunchScreen.storyboard */,
				6B0E3F2B1EE4EE08001053BF /* Info.plist */,
			);
			path = KRPullLoaderDemo;
			sourceTree = "<group>";
		};
		6B803B4E1EEA40C800E0A784 /* CustomLoader */ = {
			isa = PBXGroup;
			children = (
				6B803B461EE95A5A00E0A784 /* HorizontalPullLoadView.swift */,
			);
			name = CustomLoader;
			sourceTree = "<group>";
		};
		F5EEA70B7302F4A6BCEAA155 /* Frameworks */ = {
			isa = PBXGroup;
			children = (
				A0A26CCCA68595BDDA031797 /* Pods_KRPullLoaderDemo.framework */,
			);
			name = Frameworks;
			sourceTree = "<group>";
		};
/* End PBXGroup section */

/* Begin PBXNativeTarget section */
		6B0587FB1EE0FA38004763D4 /* KRPullLoaderDemo */ = {
			isa = PBXNativeTarget;
			buildConfigurationList = 6B05880E1EE0FA38004763D4 /* Build configuration list for PBXNativeTarget "KRPullLoaderDemo" */;
			buildPhases = (
				448B3D95FA82A1E8297F9EF0 /* [CP] Check Pods Manifest.lock */,
				6B0587F81EE0FA38004763D4 /* Sources */,
				6B0587F91EE0FA38004763D4 /* Frameworks */,
				6B0587FA1EE0FA38004763D4 /* Resources */,
				6B2F501E1EE0FACC0060197B /* Swift Lint */,
				C43E7E37CB01727CC4E912C3 /* [CP] Embed Pods Frameworks */,
			);
			buildRules = (
			);
			dependencies = (
			);
			name = KRPullLoaderDemo;
			productName = KRPullLoaderDemo;
			productReference = 6B0587FC1EE0FA38004763D4 /* KRPullLoaderDemo.app */;
			productType = "com.apple.product-type.application";
		};
/* End PBXNativeTarget section */

/* Begin PBXProject section */
		6B0587F41EE0FA38004763D4 /* Project object */ = {
			isa = PBXProject;
			attributes = {
				LastSwiftUpdateCheck = 0830;
				LastUpgradeCheck = 1020;
				ORGANIZATIONNAME = Krimpedance;
				TargetAttributes = {
					6B0587FB1EE0FA38004763D4 = {
						CreatedOnToolsVersion = 8.3.2;
						LastSwiftMigration = 1000;
						ProvisioningStyle = Automatic;
					};
				};
			};
			buildConfigurationList = 6B0587F71EE0FA38004763D4 /* Build configuration list for PBXProject "KRPullLoaderDemo" */;
			compatibilityVersion = "Xcode 10.0";
			developmentRegion = English;
			hasScannedForEncodings = 0;
			knownRegions = (
				English,
				en,
				Base,
			);
			mainGroup = 6B0587F31EE0FA38004763D4;
			productRefGroup = 6B0587FD1EE0FA38004763D4 /* Products */;
			projectDirPath = "";
			projectRoot = "";
			targets = (
				6B0587FB1EE0FA38004763D4 /* KRPullLoaderDemo */,
			);
		};
/* End PBXProject section */

/* Begin PBXResourcesBuildPhase section */
		6B0587FA1EE0FA38004763D4 /* Resources */ = {
			isa = PBXResourcesBuildPhase;
			buildActionMask = 2147483647;
			files = (
				6B0E3F311EE4EE08001053BF /* LaunchScreen.storyboard in Resources */,
				6B0E3F2F1EE4EE08001053BF /* Main.storyboard in Resources */,
			);
			runOnlyForDeploymentPostprocessing = 0;
		};
/* End PBXResourcesBuildPhase section */

/* Begin PBXShellScriptBuildPhase section */
		448B3D95FA82A1E8297F9EF0 /* [CP] Check Pods Manifest.lock */ = {
			isa = PBXShellScriptBuildPhase;
			buildActionMask = 2147483647;
			files = (
			);
			inputFileListPaths = (
			);
			inputPaths = (
				"${PODS_PODFILE_DIR_PATH}/Podfile.lock",
				"${PODS_ROOT}/Manifest.lock",
			);
			name = "[CP] Check Pods Manifest.lock";
			outputFileListPaths = (
			);
			outputPaths = (
				"$(DERIVED_FILE_DIR)/Pods-KRPullLoaderDemo-checkManifestLockResult.txt",
			);
			runOnlyForDeploymentPostprocessing = 0;
			shellPath = /bin/sh;
			shellScript = "diff \"${PODS_PODFILE_DIR_PATH}/Podfile.lock\" \"${PODS_ROOT}/Manifest.lock\" > /dev/null\nif [ $? != 0 ] ; then\n    # print error to STDERR\n    echo \"error: The sandbox is not in sync with the Podfile.lock. Run 'pod install' or update your CocoaPods installation.\" >&2\n    exit 1\nfi\n# This output is used by Xcode 'outputs' to avoid re-running this script phase.\necho \"SUCCESS\" > \"${SCRIPT_OUTPUT_FILE_0}\"\n";
			showEnvVarsInLog = 0;
		};
		6B2F501E1EE0FACC0060197B /* Swift Lint */ = {
			isa = PBXShellScriptBuildPhase;
			buildActionMask = 2147483647;
			files = (
			);
			inputPaths = (
			);
			name = "Swift Lint";
			outputPaths = (
			);
			runOnlyForDeploymentPostprocessing = 0;
			shellPath = /bin/sh;
			shellScript = "if which swiftlint >/dev/null; then\n  swiftlint\nelse\n  echo \"SwiftLint does not exist, download from https://github.com/realm/SwiftLint\"\nfi";
		};
		C43E7E37CB01727CC4E912C3 /* [CP] Embed Pods Frameworks */ = {
			isa = PBXShellScriptBuildPhase;
			buildActionMask = 2147483647;
			files = (
			);
			inputFileListPaths = (
			);
			inputPaths = (
				"${PODS_ROOT}/Target Support Files/Pods-KRPullLoaderDemo/Pods-KRPullLoaderDemo-frameworks.sh",
				"${BUILT_PRODUCTS_DIR}/KRPullLoader/KRPullLoader.framework",
			);
			name = "[CP] Embed Pods Frameworks";
			outputFileListPaths = (
			);
			outputPaths = (
				"${TARGET_BUILD_DIR}/${FRAMEWORKS_FOLDER_PATH}/KRPullLoader.framework",
			);
			runOnlyForDeploymentPostprocessing = 0;
			shellPath = /bin/sh;
			shellScript = "\"${PODS_ROOT}/Target Support Files/Pods-KRPullLoaderDemo/Pods-KRPullLoaderDemo-frameworks.sh\"\n";
			showEnvVarsInLog = 0;
		};
/* End PBXShellScriptBuildPhase section */

/* Begin PBXSourcesBuildPhase section */
		6B0587F81EE0FA38004763D4 /* Sources */ = {
			isa = PBXSourcesBuildPhase;
			buildActionMask = 2147483647;
			files = (
				6B0E3F321EE4EE08001053BF /* TableViewSampleVC.swift in Sources */,
				6B803B521EEA451900E0A784 /* UIColorExtension.swift in Sources */,
				6B803B491EEA32E600E0A784 /* CollectionViewSampleVC.swift in Sources */,
				6B803B471EE95A5A00E0A784 /* HorizontalPullLoadView.swift in Sources */,
				6B803B4C1EEA40C100E0A784 /* HorizontalCollectionViewSampleVC.swift in Sources */,
				6B0E3F2E1EE4EE08001053BF /* AppDelegate.swift in Sources */,
			);
			runOnlyForDeploymentPostprocessing = 0;
		};
/* End PBXSourcesBuildPhase section */

/* Begin PBXVariantGroup section */
		6B0E3F291EE4EE08001053BF /* Main.storyboard */ = {
			isa = PBXVariantGroup;
			children = (
				6B0E3F2A1EE4EE08001053BF /* Base */,
			);
			name = Main.storyboard;
			sourceTree = "<group>";
		};
/* End PBXVariantGroup section */

/* Begin XCBuildConfiguration section */
		6B05880C1EE0FA38004763D4 /* Debug */ = {
			isa = XCBuildConfiguration;
			buildSettings = {
				ALWAYS_SEARCH_USER_PATHS = NO;
				CLANG_ANALYZER_LOCALIZABILITY_NONLOCALIZED = YES;
				CLANG_ANALYZER_NONNULL = YES;
				CLANG_ANALYZER_NUMBER_OBJECT_CONVERSION = YES_AGGRESSIVE;
				CLANG_CXX_LANGUAGE_STANDARD = "gnu++0x";
				CLANG_CXX_LIBRARY = "libc++";
				CLANG_ENABLE_MODULES = YES;
				CLANG_ENABLE_OBJC_ARC = YES;
				CLANG_WARN_BLOCK_CAPTURE_AUTORELEASING = YES;
				CLANG_WARN_BOOL_CONVERSION = YES;
				CLANG_WARN_COMMA = YES;
				CLANG_WARN_CONSTANT_CONVERSION = YES;
				CLANG_WARN_DEPRECATED_OBJC_IMPLEMENTATIONS = YES;
				CLANG_WARN_DIRECT_OBJC_ISA_USAGE = YES_ERROR;
				CLANG_WARN_DOCUMENTATION_COMMENTS = YES;
				CLANG_WARN_EMPTY_BODY = YES;
				CLANG_WARN_ENUM_CONVERSION = YES;
				CLANG_WARN_INFINITE_RECURSION = YES;
				CLANG_WARN_INT_CONVERSION = YES;
				CLANG_WARN_NON_LITERAL_NULL_CONVERSION = YES;
				CLANG_WARN_OBJC_IMPLICIT_RETAIN_SELF = YES;
				CLANG_WARN_OBJC_LITERAL_CONVERSION = YES;
				CLANG_WARN_OBJC_ROOT_CLASS = YES_ERROR;
				CLANG_WARN_RANGE_LOOP_ANALYSIS = YES;
				CLANG_WARN_STRICT_PROTOTYPES = YES;
				CLANG_WARN_SUSPICIOUS_MOVE = YES;
				CLANG_WARN_UNREACHABLE_CODE = YES;
				CLANG_WARN__DUPLICATE_METHOD_MATCH = YES;
				"CODE_SIGN_IDENTITY[sdk=iphoneos*]" = "iPhone Developer";
				COPY_PHASE_STRIP = NO;
				DEBUG_INFORMATION_FORMAT = dwarf;
				ENABLE_STRICT_OBJC_MSGSEND = YES;
				ENABLE_TESTABILITY = YES;
				GCC_C_LANGUAGE_STANDARD = gnu99;
				GCC_DYNAMIC_NO_PIC = NO;
				GCC_NO_COMMON_BLOCKS = YES;
				GCC_OPTIMIZATION_LEVEL = 0;
				GCC_PREPROCESSOR_DEFINITIONS = (
					"DEBUG=1",
					"$(inherited)",
				);
				GCC_WARN_64_TO_32_BIT_CONVERSION = YES;
				GCC_WARN_ABOUT_RETURN_TYPE = YES_ERROR;
				GCC_WARN_UNDECLARED_SELECTOR = YES;
				GCC_WARN_UNINITIALIZED_AUTOS = YES_AGGRESSIVE;
				GCC_WARN_UNUSED_FUNCTION = YES;
				GCC_WARN_UNUSED_VARIABLE = YES;
				IPHONEOS_DEPLOYMENT_TARGET = 12.2;
				MTL_ENABLE_DEBUG_INFO = YES;
				ONLY_ACTIVE_ARCH = YES;
				SDKROOT = iphoneos;
				SWIFT_ACTIVE_COMPILATION_CONDITIONS = DEBUG;
				SWIFT_COMPILATION_MODE = singlefile;
				SWIFT_OPTIMIZATION_LEVEL = "-Onone";
				SWIFT_VERSION = 5.0;
			};
			name = Debug;
		};
		6B05880D1EE0FA38004763D4 /* Release */ = {
			isa = XCBuildConfiguration;
			buildSettings = {
				ALWAYS_SEARCH_USER_PATHS = NO;
				CLANG_ANALYZER_LOCALIZABILITY_NONLOCALIZED = YES;
				CLANG_ANALYZER_NONNULL = YES;
				CLANG_ANALYZER_NUMBER_OBJECT_CONVERSION = YES_AGGRESSIVE;
				CLANG_CXX_LANGUAGE_STANDARD = "gnu++0x";
				CLANG_CXX_LIBRARY = "libc++";
				CLANG_ENABLE_MODULES = YES;
				CLANG_ENABLE_OBJC_ARC = YES;
				CLANG_WARN_BLOCK_CAPTURE_AUTORELEASING = YES;
				CLANG_WARN_BOOL_CONVERSION = YES;
				CLANG_WARN_COMMA = YES;
				CLANG_WARN_CONSTANT_CONVERSION = YES;
				CLANG_WARN_DEPRECATED_OBJC_IMPLEMENTATIONS = YES;
				CLANG_WARN_DIRECT_OBJC_ISA_USAGE = YES_ERROR;
				CLANG_WARN_DOCUMENTATION_COMMENTS = YES;
				CLANG_WARN_EMPTY_BODY = YES;
				CLANG_WARN_ENUM_CONVERSION = YES;
				CLANG_WARN_INFINITE_RECURSION = YES;
				CLANG_WARN_INT_CONVERSION = YES;
				CLANG_WARN_NON_LITERAL_NULL_CONVERSION = YES;
				CLANG_WARN_OBJC_IMPLICIT_RETAIN_SELF = YES;
				CLANG_WARN_OBJC_LITERAL_CONVERSION = YES;
				CLANG_WARN_OBJC_ROOT_CLASS = YES_ERROR;
				CLANG_WARN_RANGE_LOOP_ANALYSIS = YES;
				CLANG_WARN_STRICT_PROTOTYPES = YES;
				CLANG_WARN_SUSPICIOUS_MOVE = YES;
				CLANG_WARN_UNREACHABLE_CODE = YES;
				CLANG_WARN__DUPLICATE_METHOD_MATCH = YES;
				"CODE_SIGN_IDENTITY[sdk=iphoneos*]" = "iPhone Developer";
				COPY_PHASE_STRIP = NO;
				DEBUG_INFORMATION_FORMAT = "dwarf-with-dsym";
				ENABLE_NS_ASSERTIONS = NO;
				ENABLE_STRICT_OBJC_MSGSEND = YES;
				GCC_C_LANGUAGE_STANDARD = gnu99;
				GCC_NO_COMMON_BLOCKS = YES;
				GCC_WARN_64_TO_32_BIT_CONVERSION = YES;
				GCC_WARN_ABOUT_RETURN_TYPE = YES_ERROR;
				GCC_WARN_UNDECLARED_SELECTOR = YES;
				GCC_WARN_UNINITIALIZED_AUTOS = YES_AGGRESSIVE;
				GCC_WARN_UNUSED_FUNCTION = YES;
				GCC_WARN_UNUSED_VARIABLE = YES;
				IPHONEOS_DEPLOYMENT_TARGET = 12.2;
				MTL_ENABLE_DEBUG_INFO = NO;
				SDKROOT = iphoneos;
				SWIFT_COMPILATION_MODE = wholemodule;
				SWIFT_OPTIMIZATION_LEVEL = "-O";
				SWIFT_VERSION = 5.0;
				VALIDATE_PRODUCT = YES;
			};
			name = Release;
		};
		6B05880F1EE0FA38004763D4 /* Debug */ = {
			isa = XCBuildConfiguration;
			baseConfigurationReference = 3A91C976D96A88AEDC538D0E /* Pods-KRPullLoaderDemo.debug.xcconfig */;
			buildSettings = {
				"CODE_SIGN_IDENTITY[sdk=iphoneos*]" = "iPhone Developer";
				DEVELOPMENT_TEAM = "";
				INFOPLIST_FILE = "$(SRCROOT)/KRPullLoaderDemo/Info.plist";
				IPHONEOS_DEPLOYMENT_TARGET = 11.4;
				LD_RUNPATH_SEARCH_PATHS = (
					"$(inherited)",
					"@executable_path/Frameworks",
				);
				PRODUCT_BUNDLE_IDENTIFIER = com.krimpedance.KRPullLoaderDemo;
				PRODUCT_NAME = "$(TARGET_NAME)";
				PROVISIONING_PROFILE_SPECIFIER = "";
				SWIFT_VERSION = 5.0;
			};
			name = Debug;
		};
		6B0588101EE0FA38004763D4 /* Release */ = {
			isa = XCBuildConfiguration;
			baseConfigurationReference = E4FDBEE956B8CBB710ACD23F /* Pods-KRPullLoaderDemo.release.xcconfig */;
			buildSettings = {
				"CODE_SIGN_IDENTITY[sdk=iphoneos*]" = "iPhone Developer";
				DEVELOPMENT_TEAM = "";
				INFOPLIST_FILE = "$(SRCROOT)/KRPullLoaderDemo/Info.plist";
				IPHONEOS_DEPLOYMENT_TARGET = 11.4;
				LD_RUNPATH_SEARCH_PATHS = (
					"$(inherited)",
					"@executable_path/Frameworks",
				);
				PRODUCT_BUNDLE_IDENTIFIER = com.krimpedance.KRPullLoaderDemo;
				PRODUCT_NAME = "$(TARGET_NAME)";
				PROVISIONING_PROFILE_SPECIFIER = "";
				SWIFT_VERSION = 5.0;
			};
			name = Release;
		};
/* End XCBuildConfiguration section */

/* Begin XCConfigurationList section */
		6B0587F71EE0FA38004763D4 /* Build configuration list for PBXProject "KRPullLoaderDemo" */ = {
			isa = XCConfigurationList;
			buildConfigurations = (
				6B05880C1EE0FA38004763D4 /* Debug */,
				6B05880D1EE0FA38004763D4 /* Release */,
			);
			defaultConfigurationIsVisible = 0;
			defaultConfigurationName = Release;
		};
		6B05880E1EE0FA38004763D4 /* Build configuration list for PBXNativeTarget "KRPullLoaderDemo" */ = {
			isa = XCConfigurationList;
			buildConfigurations = (
				6B05880F1EE0FA38004763D4 /* Debug */,
				6B0588101EE0FA38004763D4 /* Release */,
			);
			defaultConfigurationIsVisible = 0;
			defaultConfigurationName = Release;
		};
/* End XCConfigurationList section */
	};
	rootObject = 6B0587F41EE0FA38004763D4 /* Project object */;
}
